
Microsoft Visual Studio Solution File, Format Version 12.00
# Visual Studio Version 16
VisualStudioVersion = 16.0.30114.105
MinimumVisualStudioVersion = 10.0.40219.1
Project("{FAE04EC0-301F-11D3-BF4B-00C04F79EFBC}") = "API", "API\API.csproj", "{DBFF9253-1718-41A2-8441-4BA011B7588E}"
EndProject
Project("{FAE04EC0-301F-11D3-BF4B-00C04F79EFBC}") = "Application", "Application\Application.csproj", "{2C8EBA19-5BD9-44EA-9C73-C14D59238E4A}"
EndProject
Project("{FAE04EC0-301F-11D3-BF4B-00C04F79EFBC}") = "Persistance", "Persistance\Persistance.csproj", "{75270F58-6152-4FAA-88AC-79113F2D3063}"
EndProject
Project("{FAE04EC0-301F-11D3-BF4B-00C04F79EFBC}") = "Domain", "Domain\Domain.csproj", "{043ACC9B-A61C-4C1B-A1D6-7B54EB7C04D2}"
EndProject
Project("{FAE04EC0-301F-11D3-BF4B-00C04F79EFBC}") = "Infrastructure", "Infrastructure\Infrastructure.csproj", "{0E8D6293-7826-4403-A966-E8D70BF0881C}"
EndProject
Global
	GlobalSection(SolutionConfigurationPlatforms) = preSolution
		Debug|Any CPU = Debug|Any CPU
		Debug|x64 = Debug|x64
		Debug|x86 = Debug|x86
		Release|Any CPU = Release|Any CPU
		Release|x64 = Release|x64
		Release|x86 = Release|x86
	EndGlobalSection
	GlobalSection(SolutionProperties) = preSolution
		HideSolutionNode = FALSE
	EndGlobalSection
	GlobalSection(ProjectConfigurationPlatforms) = postSolution
		{DBFF9253-1718-41A2-8441-4BA011B7588E}.Debug|Any CPU.ActiveCfg = Debug|Any CPU
		{DBFF9253-1718-41A2-8441-4BA011B7588E}.Debug|Any CPU.Build.0 = Debug|Any CPU
		{DBFF9253-1718-41A2-8441-4BA011B7588E}.Debug|x64.ActiveCfg = Debug|Any CPU
		{DBFF9253-1718-41A2-8441-4BA011B7588E}.Debug|x64.Build.0 = Debug|Any CPU
		{DBFF9253-1718-41A2-8441-4BA011B7588E}.Debug|x86.ActiveCfg = Debug|Any CPU
		{DBFF9253-1718-41A2-8441-4BA011B7588E}.Debug|x86.Build.0 = Debug|Any CPU
		{DBFF9253-1718-41A2-8441-4BA011B7588E}.Release|Any CPU.ActiveCfg = Release|Any CPU
		{DBFF9253-1718-41A2-8441-4BA011B7588E}.Release|Any CPU.Build.0 = Release|Any CPU
		{DBFF9253-1718-41A2-8441-4BA011B7588E}.Release|x64.ActiveCfg = Release|Any CPU
		{DBFF9253-1718-41A2-8441-4BA011B7588E}.Release|x64.Build.0 = Release|Any CPU
		{DBFF9253-1718-41A2-8441-4BA011B7588E}.Release|x86.ActiveCfg = Release|Any CPU
		{DBFF9253-1718-41A2-8441-4BA011B7588E}.Release|x86.Build.0 = Release|Any CPU
		{2C8EBA19-5BD9-44EA-9C73-C14D59238E4A}.Debug|Any CPU.ActiveCfg = Debug|Any CPU
		{2C8EBA19-5BD9-44EA-9C73-C14D59238E4A}.Debug|Any CPU.Build.0 = Debug|Any CPU
		{2C8EBA19-5BD9-44EA-9C73-C14D59238E4A}.Debug|x64.ActiveCfg = Debug|Any CPU
		{2C8EBA19-5BD9-44EA-9C73-C14D59238E4A}.Debug|x64.Build.0 = Debug|Any CPU
		{2C8EBA19-5BD9-44EA-9C73-C14D59238E4A}.Debug|x86.ActiveCfg = Debug|Any CPU
		{2C8EBA19-5BD9-44EA-9C73-C14D59238E4A}.Debug|x86.Build.0 = Debug|Any CPU
		{2C8EBA19-5BD9-44EA-9C73-C14D59238E4A}.Release|Any CPU.ActiveCfg = Release|Any CPU
		{2C8EBA19-5BD9-44EA-9C73-C14D59238E4A}.Release|Any CPU.Build.0 = Release|Any CPU
		{2C8EBA19-5BD9-44EA-9C73-C14D59238E4A}.Release|x64.ActiveCfg = Release|Any CPU
		{2C8EBA19-5BD9-44EA-9C73-C14D59238E4A}.Release|x64.Build.0 = Release|Any CPU
		{2C8EBA19-5BD9-44EA-9C73-C14D59238E4A}.Release|x86.ActiveCfg = Release|Any CPU
		{2C8EBA19-5BD9-44EA-9C73-C14D59238E4A}.Release|x86.Build.0 = Release|Any CPU
		{75270F58-6152-4FAA-88AC-79113F2D3063}.Debug|Any CPU.ActiveCfg = Debug|Any CPU
		{75270F58-6152-4FAA-88AC-79113F2D3063}.Debug|Any CPU.Build.0 = Debug|Any CPU
		{75270F58-6152-4FAA-88AC-79113F2D3063}.Debug|x64.ActiveCfg = Debug|Any CPU
		{75270F58-6152-4FAA-88AC-79113F2D3063}.Debug|x64.Build.0 = Debug|Any CPU
		{75270F58-6152-4FAA-88AC-79113F2D3063}.Debug|x86.ActiveCfg = Debug|Any CPU
		{75270F58-6152-4FAA-88AC-79113F2D3063}.Debug|x86.Build.0 = Debug|Any CPU
		{75270F58-6152-4FAA-88AC-79113F2D3063}.Release|Any CPU.ActiveCfg = Release|Any CPU
		{75270F58-6152-4FAA-88AC-79113F2D3063}.Release|Any CPU.Build.0 = Release|Any CPU
		{75270F58-6152-4FAA-88AC-79113F2D3063}.Release|x64.ActiveCfg = Release|Any CPU
		{75270F58-6152-4FAA-88AC-79113F2D3063}.Release|x64.Build.0 = Release|Any CPU
		{75270F58-6152-4FAA-88AC-79113F2D3063}.Release|x86.ActiveCfg = Release|Any CPU
		{75270F58-6152-4FAA-88AC-79113F2D3063}.Release|x86.Build.0 = Release|Any CPU
		{043ACC9B-A61C-4C1B-A1D6-7B54EB7C04D2}.Debug|Any CPU.ActiveCfg = Debug|Any CPU
		{043ACC9B-A61C-4C1B-A1D6-7B54EB7C04D2}.Debug|Any CPU.Build.0 = Debug|Any CPU
		{043ACC9B-A61C-4C1B-A1D6-7B54EB7C04D2}.Debug|x64.ActiveCfg = Debug|Any CPU
		{043ACC9B-A61C-4C1B-A1D6-7B54EB7C04D2}.Debug|x64.Build.0 = Debug|Any CPU
		{043ACC9B-A61C-4C1B-A1D6-7B54EB7C04D2}.Debug|x86.ActiveCfg = Debug|Any CPU
		{043ACC9B-A61C-4C1B-A1D6-7B54EB7C04D2}.Debug|x86.Build.0 = Debug|Any CPU
		{043ACC9B-A61C-4C1B-A1D6-7B54EB7C04D2}.Release|Any CPU.ActiveCfg = Release|Any CPU
		{043ACC9B-A61C-4C1B-A1D6-7B54EB7C04D2}.Release|Any CPU.Build.0 = Release|Any CPU
		{043ACC9B-A61C-4C1B-A1D6-7B54EB7C04D2}.Release|x64.ActiveCfg = Release|Any CPU
		{043ACC9B-A61C-4C1B-A1D6-7B54EB7C04D2}.Release|x64.Build.0 = Release|Any CPU
		{043ACC9B-A61C-4C1B-A1D6-7B54EB7C04D2}.Release|x86.ActiveCfg = Release|Any CPU
		{043ACC9B-A61C-4C1B-A1D6-7B54EB7C04D2}.Release|x86.Build.0 = Release|Any CPU
		{0E8D6293-7826-4403-A966-E8D70BF0881C}.Debug|Any CPU.ActiveCfg = Debug|Any CPU
		{0E8D6293-7826-4403-A966-E8D70BF0881C}.Debug|Any CPU.Build.0 = Debug|Any CPU
		{0E8D6293-7826-4403-A966-E8D70BF0881C}.Debug|x64.ActiveCfg = Debug|Any CPU
		{0E8D6293-7826-4403-A966-E8D70BF0881C}.Debug|x64.Build.0 = Debug|Any CPU
		{0E8D6293-7826-4403-A966-E8D70BF0881C}.Debug|x86.ActiveCfg = Debug|Any CPU
		{0E8D6293-7826-4403-A966-E8D70BF0881C}.Debug|x86.Build.0 = Debug|Any CPU
		{0E8D6293-7826-4403-A966-E8D70BF0881C}.Release|Any CPU.ActiveCfg = Release|Any CPU
		{0E8D6293-7826-4403-A966-E8D70BF0881C}.Release|Any CPU.Build.0 = Release|Any CPU
		{0E8D6293-7826-4403-A966-E8D70BF0881C}.Release|x64.ActiveCfg = Release|Any CPU
		{0E8D6293-7826-4403-A966-E8D70BF0881C}.Release|x64.Build.0 = Release|Any CPU
		{0E8D6293-7826-4403-A966-E8D70BF0881C}.Release|x86.ActiveCfg = Release|Any CPU
		{0E8D6293-7826-4403-A966-E8D70BF0881C}.Release|x86.Build.0 = Release|Any CPU
	EndGlobalSection
EndGlobal
